# This file is generated by running "yarn install" inside your project.
# Manual changes might be lost - proceed with caution!

__metadata:
  version: 8
  cacheKey: 10c0

"@google/generative-ai@npm:^0.24.1":
  version: 0.24.1
  resolution: "@google/generative-ai@npm:0.24.1"
  checksum: 10c0/8da77fc648b04fc2ecef53e75230e2ee67a8fd29a34b6b8874e77a7332b2a1e4b51d44dd9eb604fb063ed8ea46d293aac5b1e2a955ae2435e2582a265f2cb80d
  languageName: node
  linkType: hard

"dayjs@npm:^1.11.13":
  version: 1.11.19
  resolution: "dayjs@npm:1.11.19"
  checksum: 10c0/7d8a6074a343f821f81ea284d700bd34ea6c7abbe8d93bce7aba818948957c1b7f56131702e5e890a5622cdfc05dcebe8aed0b8313bdc6838a594d7846b0b000
  languageName: node
  linkType: hard

"root-workspace-0b6124@workspace:.":
  version: 0.0.0-use.local
  resolution: "root-workspace-0b6124@workspace:."
  dependencies:
    "@google/generative-ai": "npm:^0.24.1"
    vnpay: "npm:^2.4.4"
  languageName: unknown
  linkType: soft

"vnpay@npm:^2.4.4":
  version: 2.4.4
  resolution: "vnpay@npm:2.4.4"
  dependencies:
    dayjs: "npm:^1.11.13"
  checksum: 10c0/3d02d1c0e47eb57fcd236b20a73952b850cfa36c892148a69d23c15f119ea3ec0c48419f5fc2215c33f084b78ddd83ef8e6a6bc9116f50f0579ec59b230f8660
  languageName: node
  linkType: hard
