# THIS IS AN AUTOGENERATED FILE. DO NOT EDIT THIS FILE DIRECTLY.
# yarn lockfile v1


"@google/generative-ai@^0.24.1":
  version "0.24.1"
  resolved "https://registry.yarnpkg.com/@google/generative-ai/-/generative-ai-0.24.1.tgz#634a3c06f8ea7a6125c1b0d6c1e66bb11afb52c9"
  integrity sha512-MqO+MLfM6kjxcKoy0p1wRzG3b4ZZXtPI+z2IE26UogS2Cm/XHO+7gGRBh6gcJsOiIVoH93UwKvW4HdgiOZCy9Q==

dayjs@^1.11.13:
  version "1.11.21"
  resolved "https://registry.yarnpkg.com/dayjs/-/dayjs-1.11.21.tgz#57f87562e62de76f3c704bd2b8d522fc33068eb2"
  integrity sha512-98IT+HOahAisibz/yjKbzuOBwYcjJ7BCLPzARyHiyEBmRz4fatF+KPJszEHXsGYjUG234aH/cOjW1wwTbKUZlA==

vnpay@^2.4.4:
  version "2.5.0"
  resolved "https://registry.yarnpkg.com/vnpay/-/vnpay-2.5.0.tgz#cb2ebe7dc828b1bc0e26b8bf4775056238c7006b"
  integrity sha512-kyUYxG0pyEnRu/ha0gSVqkPCajmql523W2PQzgCkH4ct4XdEuzdiQnssi/k9XMcv+TvoPzuweEJG+4hWNU2DAQ==
  dependencies:
    dayjs "^1.11.13"
